
Microsoft Visual Studio Solution File, Format Version 12.00
# Visual Studio Version 16
VisualStudioVersion = 16.0.32510.428
MinimumVisualStudioVersion = 10.0.40219.1
Project("{FAE04EC0-301F-11D3-BF4B-00C04F79EFBC}") = "oknosteam", "oknosteam\oknosteam.csproj", "{5F0E3441-EF1D-44DD-914F-6D6C2B103527}"
EndProject
Global
	GlobalSection(SolutionConfigurationPlatforms) = preSolution
		Debug|Any CPU = Debug|Any CPU
		Release|Any CPU = Release|Any CPU
	EndGlobalSection
	GlobalSection(ProjectConfigurationPlatforms) = postSolution
		{5F0E3441-EF1D-44DD-914F-6D6C2B103527}.Debug|Any CPU.ActiveCfg = Debug|Any CPU
		{5F0E3441-EF1D-44DD-914F-6D6C2B103527}.Debug|Any CPU.Build.0 = Debug|Any CPU
		{5F0E3441-EF1D-44DD-914F-6D6C2B103527}.Release|Any CPU.ActiveCfg = Release|Any CPU
		{5F0E3441-EF1D-44DD-914F-6D6C2B103527}.Release|Any CPU.Build.0 = Release|Any CPU
	EndGlobalSection
	GlobalSection(SolutionProperties) = preSolution
		HideSolutionNode = FALSE
	EndGlobalSection
	GlobalSection(ExtensibilityGlobals) = postSolution
		SolutionGuid = {FF1BD664-A376-4BDA-882F-525C9E7166B4}
	EndGlobalSection
EndGlobal
